<?xml version="1.0" encoding="utf-8"?>
<Project ToolsVersion="4.0" xmlns="http://schemas.microsoft.com/developer/msbuild/2003">
  <ItemGroup>
    <Filter Include="Source Files">
      <UniqueIdentifier>{4FC737F1-C7A5-4376-A066-2A32D752A2FF}</UniqueIdentifier>
      <Extensions>cpp;c;cc;cxx;def;odl;idl;hpj;bat;asm;asmx</Extensions>
    </Filter>
    <Filter Include="Header Files">
      <UniqueIdentifier>{93995380-89BD-4b04-88EB-625FBE52EBFB}</UniqueIdentifier>
      <Extensions>h;hh;hpp;hxx;hm;inl;inc;xsd</Extensions>
    </Filter>
    <Filter Include="Resource Files">
      <UniqueIdentifier>{67DA6AB6-F800-4c08-8B7A-83BB121AAD01}</UniqueIdentifier>
      <Extensions>rc;ico;cur;bmp;dlg;rc2;rct;bin;rgs;gif;jpg;jpeg;jpe;resx;tiff;tif;png;wav</Extensions>
    </Filter>
  </ItemGroup>
  <ItemGroup>
    <ClCompile Include="week 2\lab 2\circlearea.cpp">
      <Filter>Source Files</Filter>
    </ClCompile>
    <ClCompile Include="week 2\lab 2\name.cpp">
      <Filter>Source Files</Filter>
    </ClCompile>
    <ClCompile Include="week 2\lab 2\wakeland_branz_lab_2_submission\rectanglearea.cpp">
      <Filter>Source Files</Filter>
    </ClCompile>
    <ClCompile Include="week 3\wakeland_branz_lab_3\bill.cpp">
      <Filter>Source Files</Filter>
    </ClCompile>
    <ClCompile Include="week 3\wakeland_branz_lab_3\righttrig.cpp">
      <Filter>Source Files</Filter>
    </ClCompile>
    <ClCompile Include="week 3\wakeland_branz_lab_3\tabledata.cpp">
      <Filter>Source Files</Filter>
    </ClCompile>
    <ClCompile Include="week 1\chapter_2_in_class_exercise_1\chapter_2_in_class_exercise_1\averagevalues.cpp">
      <Filter>Source Files</Filter>
    </ClCompile>
    <ClCompile Include="week 1\chapter_2_in_class_exercise_2\consoleapplication1\consoleapplication1\types.cpp">
      <Filter>Source Files</Filter>
    </ClCompile>
    <ClCompile Include="week 4\countryclub.cpp">
      <Filter>Source Files</Filter>
    </ClCompile>
    <ClCompile Include="week 4\hotelfloors.cpp">
      <Filter>Source Files</Filter>
    </ClCompile>
    <ClCompile Include="week 4\numericProcessing.cpp">
      <Filter>Source Files</Filter>
    </ClCompile>
    <ClCompile Include="week 4\personalWebpageGenerator.cpp">
      <Filter>Source Files</Filter>
    </ClCompile>
    <ClCompile Include="Week 4\Lab 4\initialize.cpp">
      <Filter>Source Files</Filter>
    </ClCompile>
    <ClCompile Include="Week 4\Lab 4\grades.cpp">
      <Filter>Source Files</Filter>
    </ClCompile>
    <ClCompile Include="Week 4\Lab 4\LogicalOp.cpp">
      <Filter>Source Files</Filter>
    </ClCompile>
    <ClCompile Include="Week 5\kineticEnergy.cpp">
      <Filter>Source Files</Filter>
    </ClCompile>
    <ClCompile Include="Week 5\celsiusTemperatureTable.cpp">
      <Filter>Source Files</Filter>
    </ClCompile>
    <ClCompile Include="Week 5\Lab 5\5.1 Code.cpp">
      <Filter>Source Files</Filter>
    </ClCompile>
    <ClCompile Include="Week 5\Lab 5\5.3 Code.cpp">
      <Filter>Source Files</Filter>
    </ClCompile>
    <ClCompile Include="Week 6\chipsAndSalsa.cpp">
      <Filter>Source Files</Filter>
    </ClCompile>
    <ClCompile Include="Week 6\rainfallStatistics.cpp">
      <Filter>Source Files</Filter>
    </ClCompile>
    <ClCompile Include="Week 6\loShuMagicSquare.cpp">
      <Filter>Source Files</Filter>
    </ClCompile>
    <ClCompile Include="Week 6\Lab 6\6.1 Code.cpp">
      <Filter>Source Files</Filter>
    </ClCompile>
    <ClCompile Include="Week 6\Lab 6\6.2 Code.cpp">
      <Filter>Source Files</Filter>
    </ClCompile>
    <ClCompile Include="Week 6\Lab 6\6.3 Code.cpp">
      <Filter>Source Files</Filter>
    </ClCompile>
    <ClCompile Include="Week 8 (no week 7)\chargeAccountValidation.cpp">
      <Filter>Source Files</Filter>
    </ClCompile>
    <ClCompile Include="Week 8 (no week 7)\lotteryTicket.cpp">
      <Filter>Source Files</Filter>
    </ClCompile>
    <ClCompile Include="Week 8 (no week 7)\stringSelectionSort.cpp">
      <Filter>Source Files</Filter>
    </ClCompile>
    <ClCompile Include="Week 9\referencesAndPointers.cpp">
      <Filter>Source Files</Filter>
    </ClCompile>
    <ClCompile Include="Week 9\zoomMeetingExercise.cpp">
      <Filter>Source Files</Filter>
    </ClCompile>
    <ClCompile Include="Week 9\arrayAllocator.cpp">
      <Filter>Source Files</Filter>
    </ClCompile>
    <ClCompile Include="Week 9\Lab 7\7.1.cpp">
      <Filter>Source Files</Filter>
    </ClCompile>
    <ClCompile Include="Week 9\modeFunction.cpp">
      <Filter>Source Files</Filter>
    </ClCompile>
    <ClCompile Include="Week 9\elementShifter.cpp">
      <Filter>Source Files</Filter>
    </ClCompile>
    <ClCompile Include="Week 10\backwardString.cpp">
      <Filter>Source Files</Filter>
    </ClCompile>
    <ClCompile Include="Week 10\wordCounter.cpp">
      <Filter>Source Files</Filter>
    </ClCompile>
    <ClCompile Include="Week 10\backwardStringIdiomatic.cpp">
      <Filter>Source Files</Filter>
    </ClCompile>
  </ItemGroup>
</Project>